// !$*UTF8*$!
{
	archiveVersion = 1;
	classes = {
	};
	objectVersion = 55;
	objects = {

/* Begin PBXBuildFile section */
		522DA2B428CF1E3A00D94768 /* Tests_iOS.swift in Sources */ = {isa = PBXBuildFile; fileRef = 522DA2B328CF1E3A00D94768 /* Tests_iOS.swift */; };
		522DA2B628CF1E3A00D94768 /* Tests_iOSLaunchTests.swift in Sources */ = {isa = PBXBuildFile; fileRef = 522DA2B528CF1E3A00D94768 /* Tests_iOSLaunchTests.swift */; };
		522DA2C028CF1E3A00D94768 /* Tests_macOS.swift in Sources */ = {isa = PBXBuildFile; fileRef = 522DA2BF28CF1E3A00D94768 /* Tests_macOS.swift */; };
		522DA2C228CF1E3A00D94768 /* Tests_macOSLaunchTests.swift in Sources */ = {isa = PBXBuildFile; fileRef = 522DA2C128CF1E3A00D94768 /* Tests_macOSLaunchTests.swift */; };
		522DA2C328CF1E3A00D94768 /* Task1App.swift in Sources */ = {isa = PBXBuildFile; fileRef = 522DA29B28CF1E3900D94768 /* Task1App.swift */; };
		522DA2C428CF1E3A00D94768 /* Task1App.swift in Sources */ = {isa = PBXBuildFile; fileRef = 522DA29B28CF1E3900D94768 /* Task1App.swift */; };
		522DA2C528CF1E3A00D94768 /* ContentView.swift in Sources */ = {isa = PBXBuildFile; fileRef = 522DA29C28CF1E3900D94768 /* ContentView.swift */; };
		522DA2C628CF1E3A00D94768 /* ContentView.swift in Sources */ = {isa = PBXBuildFile; fileRef = 522DA29C28CF1E3900D94768 /* ContentView.swift */; };
		522DA2C728CF1E3A00D94768 /* Assets.xcassets in Resources */ = {isa = PBXBuildFile; fileRef = 522DA29D28CF1E3A00D94768 /* Assets.xcassets */; };
		522DA2C828CF1E3A00D94768 /* Assets.xcassets in Resources */ = {isa = PBXBuildFile; fileRef = 522DA29D28CF1E3A00D94768 /* Assets.xcassets */; };
		522DA2D828CF1FD300D94768 /* ImageTabView.swift in Sources */ = {isa = PBXBuildFile; fileRef = 522DA2D728CF1FD300D94768 /* ImageTabView.swift */; };
		522DA2D928CF1FD300D94768 /* ImageTabView.swift in Sources */ = {isa = PBXBuildFile; fileRef = 522DA2D728CF1FD300D94768 /* ImageTabView.swift */; };
		52951DA428D2F28400D3AD48 /* Screen4.swift in Sources */ = {isa = PBXBuildFile; fileRef = 52951DA328D2F28400D3AD48 /* Screen4.swift */; };
		52951DA528D2F28400D3AD48 /* Screen4.swift in Sources */ = {isa = PBXBuildFile; fileRef = 52951DA328D2F28400D3AD48 /* Screen4.swift */; };
		52AD073F28CF551700221DC5 /* ListTabView.swift in Sources */ = {isa = PBXBuildFile; fileRef = 52AD073E28CF551700221DC5 /* ListTabView.swift */; };
		52AD074028CF551700221DC5 /* ListTabView.swift in Sources */ = {isa = PBXBuildFile; fileRef = 52AD073E28CF551700221DC5 /* ListTabView.swift */; };
		52AD074228CF615200221DC5 /* ListTabView1.swift in Sources */ = {isa = PBXBuildFile; fileRef = 52AD074128CF615200221DC5 /* ListTabView1.swift */; };
		52AD074328CF615200221DC5 /* ListTabView1.swift in Sources */ = {isa = PBXBuildFile; fileRef = 52AD074128CF615200221DC5 /* ListTabView1.swift */; };
		52AD074528CF702E00221DC5 /* FirstPageView.swift in Sources */ = {isa = PBXBuildFile; fileRef = 52AD074428CF702E00221DC5 /* FirstPageView.swift */; };
		52AD074628CF702E00221DC5 /* FirstPageView.swift in Sources */ = {isa = PBXBuildFile; fileRef = 52AD074428CF702E00221DC5 /* FirstPageView.swift */; };
		52AD074828D1AD6500221DC5 /* SecondPageView.swift in Sources */ = {isa = PBXBuildFile; fileRef = 52AD074728D1AD6500221DC5 /* SecondPageView.swift */; };
		52AD074928D1AD6500221DC5 /* SecondPageView.swift in Sources */ = {isa = PBXBuildFile; fileRef = 52AD074728D1AD6500221DC5 /* SecondPageView.swift */; };
		52AD079028D1C97C00221DC5 /* Screen3.swift in Sources */ = {isa = PBXBuildFile; fileRef = 52AD078F28D1C97C00221DC5 /* Screen3.swift */; };
		52AD079128D1C97C00221DC5 /* Screen3.swift in Sources */ = {isa = PBXBuildFile; fileRef = 52AD078F28D1C97C00221DC5 /* Screen3.swift */; };
/* End PBXBuildFile section */

/* Begin PBXContainerItemProxy section */
		522DA2B028CF1E3A00D94768 /* PBXContainerItemProxy */ = {
			isa = PBXContainerItemProxy;
			containerPortal = 522DA29628CF1E3900D94768 /* Project object */;
			proxyType = 1;
			remoteGlobalIDString = 522DA2A128CF1E3A00D94768;
			remoteInfo = "Task1 (iOS)";
		};
		522DA2BC28CF1E3A00D94768 /* PBXContainerItemProxy */ = {
			isa = PBXContainerItemProxy;
			containerPortal = 522DA29628CF1E3900D94768 /* Project object */;
			proxyType = 1;
			remoteGlobalIDString = 522DA2A728CF1E3A00D94768;
			remoteInfo = "Task1 (macOS)";
		};
/* End PBXContainerItemProxy section */

/* Begin PBXFileReference section */
		522DA29B28CF1E3900D94768 /* Task1App.swift */ = {isa = PBXFileReference; lastKnownFileType = sourcecode.swift; path = Task1App.swift; sourceTree = "<group>"; };
		522DA29C28CF1E3900D94768 /* ContentView.swift */ = {isa = PBXFileReference; lastKnownFileType = sourcecode.swift; path = ContentView.swift; sourceTree = "<group>"; };
		522DA29D28CF1E3A00D94768 /* Assets.xcassets */ = {isa = PBXFileReference; lastKnownFileType = folder.assetcatalog; path = Assets.xcassets; sourceTree = "<group>"; };
		522DA2A228CF1E3A00D94768 /* Task1.app */ = {isa = PBXFileReference; explicitFileType = wrapper.application; includeInIndex = 0; path = Task1.app; sourceTree = BUILT_PRODUCTS_DIR; };
		522DA2A828CF1E3A00D94768 /* Task1.app */ = {isa = PBXFileReference; explicitFileType = wrapper.application; includeInIndex = 0; path = Task1.app; sourceTree = BUILT_PRODUCTS_DIR; };
		522DA2AA28CF1E3A00D94768 /* macOS.entitlements */ = {isa = PBXFileReference; lastKnownFileType = text.plist.entitlements; path = macOS.entitlements; sourceTree = "<group>"; };
		522DA2AF28CF1E3A00D94768 /* Tests iOS.xctest */ = {isa = PBXFileReference; explicitFileType = wrapper.cfbundle; includeInIndex = 0; path = "Tests iOS.xctest"; sourceTree = BUILT_PRODUCTS_DIR; };
		522DA2B328CF1E3A00D94768 /* Tests_iOS.swift */ = {isa = PBXFileReference; lastKnownFileType = sourcecode.swift; path = Tests_iOS.swift; sourceTree = "<group>"; };
		522DA2B528CF1E3A00D94768 /* Tests_iOSLaunchTests.swift */ = {isa = PBXFileReference; lastKnownFileType = sourcecode.swift; path = Tests_iOSLaunchTests.swift; sourceTree = "<group>"; };
		522DA2BB28CF1E3A00D94768 /* Tests macOS.xctest */ = {isa = PBXFileReference; explicitFileType = wrapper.cfbundle; includeInIndex = 0; path = "Tests macOS.xctest"; sourceTree = BUILT_PRODUCTS_DIR; };
		522DA2BF28CF1E3A00D94768 /* Tests_macOS.swift */ = {isa = PBXFileReference; lastKnownFileType = sourcecode.swift; path = Tests_macOS.swift; sourceTree = "<group>"; };
		522DA2C128CF1E3A00D94768 /* Tests_macOSLaunchTests.swift */ = {isa = PBXFileReference; lastKnownFileType = sourcecode.swift; path = Tests_macOSLaunchTests.swift; sourceTree = "<group>"; };
		522DA2D728CF1FD300D94768 /* ImageTabView.swift */ = {isa = PBXFileReference; lastKnownFileType = sourcecode.swift; path = ImageTabView.swift; sourceTree = "<group>"; };
		52951DA328D2F28400D3AD48 /* Screen4.swift */ = {isa = PBXFileReference; lastKnownFileType = sourcecode.swift; path = Screen4.swift; sourceTree = "<group>"; };
		52AD073E28CF551700221DC5 /* ListTabView.swift */ = {isa = PBXFileReference; lastKnownFileType = sourcecode.swift; path = ListTabView.swift; sourceTree = "<group>"; };
		52AD074128CF615200221DC5 /* ListTabView1.swift */ = {isa = PBXFileReference; lastKnownFileType = sourcecode.swift; path = ListTabView1.swift; sourceTree = "<group>"; };
		52AD074428CF702E00221DC5 /* FirstPageView.swift */ = {isa = PBXFileReference; lastKnownFileType = sourcecode.swift; path = FirstPageView.swift; sourceTree = "<group>"; };
		52AD074728D1AD6500221DC5 /* SecondPageView.swift */ = {isa = PBXFileReference; lastKnownFileType = sourcecode.swift; path = SecondPageView.swift; sourceTree = "<group>"; };
		52AD078F28D1C97C00221DC5 /* Screen3.swift */ = {isa = PBXFileReference; lastKnownFileType = sourcecode.swift; path = Screen3.swift; sourceTree = "<group>"; };
/* End PBXFileReference section */

/* Begin PBXFrameworksBuildPhase section */
		522DA29F28CF1E3A00D94768 /* Frameworks */ = {
			isa = PBXFrameworksBuildPhase;
			buildActionMask = 2147483647;
			files = (
			);
			runOnlyForDeploymentPostprocessing = 0;
		};
		522DA2A528CF1E3A00D94768 /* Frameworks */ = {
			isa = PBXFrameworksBuildPhase;
			buildActionMask = 2147483647;
			files = (
			);
			runOnlyForDeploymentPostprocessing = 0;
		};
		522DA2AC28CF1E3A00D94768 /* Frameworks */ = {
			isa = PBXFrameworksBuildPhase;
			buildActionMask = 2147483647;
			files = (
			);
			runOnlyForDeploymentPostprocessing = 0;
		};
		522DA2B828CF1E3A00D94768 /* Frameworks */ = {
			isa = PBXFrameworksBuildPhase;
			buildActionMask = 2147483647;
			files = (
			);
			runOnlyForDeploymentPostprocessing = 0;
		};
/* End PBXFrameworksBuildPhase section */

/* Begin PBXGroup section */
		522DA29528CF1E3900D94768 = {
			isa = PBXGroup;
			children = (
				522DA29A28CF1E3900D94768 /* Shared */,
				522DA2A928CF1E3A00D94768 /* macOS */,
				522DA2B228CF1E3A00D94768 /* Tests iOS */,
				522DA2BE28CF1E3A00D94768 /* Tests macOS */,
				522DA2A328CF1E3A00D94768 /* Products */,
			);
			sourceTree = "<group>";
		};
		522DA29A28CF1E3900D94768 /* Shared */ = {
			isa = PBXGroup;
			children = (
				522DA29B28CF1E3900D94768 /* Task1App.swift */,
				522DA29C28CF1E3900D94768 /* ContentView.swift */,
				522DA29D28CF1E3A00D94768 /* Assets.xcassets */,
				522DA2D728CF1FD300D94768 /* ImageTabView.swift */,
				52AD073E28CF551700221DC5 /* ListTabView.swift */,
				52AD074128CF615200221DC5 /* ListTabView1.swift */,
				52AD074428CF702E00221DC5 /* FirstPageView.swift */,
				52AD074728D1AD6500221DC5 /* SecondPageView.swift */,
				52AD078F28D1C97C00221DC5 /* Screen3.swift */,
				52951DA328D2F28400D3AD48 /* Screen4.swift */,
			);
			path = Shared;
			sourceTree = "<group>";
		};
		522DA2A328CF1E3A00D94768 /* Products */ = {
			isa = PBXGroup;
			children = (
				522DA2A228CF1E3A00D94768 /* Task1.app */,
				522DA2A828CF1E3A00D94768 /* Task1.app */,
				522DA2AF28CF1E3A00D94768 /* Tests iOS.xctest */,
				522DA2BB28CF1E3A00D94768 /* Tests macOS.xctest */,
			);
			name = Products;
			sourceTree = "<group>";
		};
		522DA2A928CF1E3A00D94768 /* macOS */ = {
			isa = PBXGroup;
			children = (
				522DA2AA28CF1E3A00D94768 /* macOS.entitlements */,
			);
			path = macOS;
			sourceTree = "<group>";
		};
		522DA2B228CF1E3A00D94768 /* Tests iOS */ = {
			isa = PBXGroup;
			children = (
				522DA2B328CF1E3A00D94768 /* Tests_iOS.swift */,
				522DA2B528CF1E3A00D94768 /* Tests_iOSLaunchTests.swift */,
			);
			path = "Tests iOS";
			sourceTree = "<group>";
		};
		522DA2BE28CF1E3A00D94768 /* Tests macOS */ = {
			isa = PBXGroup;
			children = (
				522DA2BF28CF1E3A00D94768 /* Tests_macOS.swift */,
				522DA2C128CF1E3A00D94768 /* Tests_macOSLaunchTests.swift */,
			);
			path = "Tests macOS";
			sourceTree = "<group>";
		};
/* End PBXGroup section */

/* Begin PBXNativeTarget section */
		522DA2A128CF1E3A00D94768 /* Task1 (iOS) */ = {
			isa = PBXNativeTarget;
			buildConfigurationList = 522DA2CB28CF1E3A00D94768 /* Build configuration list for PBXNativeTarget "Task1 (iOS)" */;
			buildPhases = (
				522DA29E28CF1E3A00D94768 /* Sources */,
				522DA29F28CF1E3A00D94768 /* Frameworks */,
				522DA2A028CF1E3A00D94768 /* Resources */,
			);
			buildRules = (
			);
			dependencies = (
			);
			name = "Task1 (iOS)";
			productName = "Task1 (iOS)";
			productReference = 522DA2A228CF1E3A00D94768 /* Task1.app */;
			productType = "com.apple.product-type.application";
		};
		522DA2A728CF1E3A00D94768 /* Task1 (macOS) */ = {
			isa = PBXNativeTarget;
			buildConfigurationList = 522DA2CE28CF1E3A00D94768 /* Build configuration list for PBXNativeTarget "Task1 (macOS)" */;
			buildPhases = (
				522DA2A428CF1E3A00D94768 /* Sources */,
				522DA2A528CF1E3A00D94768 /* Frameworks */,
				522DA2A628CF1E3A00D94768 /* Resources */,
			);
			buildRules = (
			);
			dependencies = (
			);
			name = "Task1 (macOS)";
			productName = "Task1 (macOS)";
			productReference = 522DA2A828CF1E3A00D94768 /* Task1.app */;
			productType = "com.apple.product-type.application";
		};
		522DA2AE28CF1E3A00D94768 /* Tests iOS */ = {
			isa = PBXNativeTarget;
			buildConfigurationList = 522DA2D128CF1E3A00D94768 /* Build configuration list for PBXNativeTarget "Tests iOS" */;
			buildPhases = (
				522DA2AB28CF1E3A00D94768 /* Sources */,
				522DA2AC28CF1E3A00D94768 /* Frameworks */,
				522DA2AD28CF1E3A00D94768 /* Resources */,
			);
			buildRules = (
			);
			dependencies = (
				522DA2B128CF1E3A00D94768 /* PBXTargetDependency */,
			);
			name = "Tests iOS";
			productName = "Tests iOS";
			productReference = 522DA2AF28CF1E3A00D94768 /* Tests iOS.xctest */;
			productType = "com.apple.product-type.bundle.ui-testing";
		};
		522DA2BA28CF1E3A00D94768 /* Tests macOS */ = {
			isa = PBXNativeTarget;
			buildConfigurationList = 522DA2D428CF1E3A00D94768 /* Build configuration list for PBXNativeTarget "Tests macOS" */;
			buildPhases = (
				522DA2B728CF1E3A00D94768 /* Sources */,
				522DA2B828CF1E3A00D94768 /* Frameworks */,
				522DA2B928CF1E3A00D94768 /* Resources */,
			);
			buildRules = (
			);
			dependencies = (
				522DA2BD28CF1E3A00D94768 /* PBXTargetDependency */,
			);
			name = "Tests macOS";
			productName = "Tests macOS";
			productReference = 522DA2BB28CF1E3A00D94768 /* Tests macOS.xctest */;
			productType = "com.apple.product-type.bundle.ui-testing";
		};
/* End PBXNativeTarget section */

/* Begin PBXProject section */
		522DA29628CF1E3900D94768 /* Project object */ = {
			isa = PBXProject;
			attributes = {
				BuildIndependentTargetsInParallel = 1;
				LastSwiftUpdateCheck = 1340;
				LastUpgradeCheck = 1340;
				TargetAttributes = {
					522DA2A128CF1E3A00D94768 = {
						CreatedOnToolsVersion = 13.4.1;
					};
					522DA2A728CF1E3A00D94768 = {
						CreatedOnToolsVersion = 13.4.1;
					};
					522DA2AE28CF1E3A00D94768 = {
						CreatedOnToolsVersion = 13.4.1;
						TestTargetID = 522DA2A128CF1E3A00D94768;
					};
					522DA2BA28CF1E3A00D94768 = {
						CreatedOnToolsVersion = 13.4.1;
						TestTargetID = 522DA2A728CF1E3A00D94768;
					};
				};
			};
			buildConfigurationList = 522DA29928CF1E3900D94768 /* Build configuration list for PBXProject "Task1" */;
			compatibilityVersion = "Xcode 13.0";
			developmentRegion = en;
			hasScannedForEncodings = 0;
			knownRegions = (
				en,
				Base,
			);
			mainGroup = 522DA29528CF1E3900D94768;
			productRefGroup = 522DA2A328CF1E3A00D94768 /* Products */;
			projectDirPath = "";
			projectRoot = "";
			targets = (
				522DA2A128CF1E3A00D94768 /* Task1 (iOS) */,
				522DA2A728CF1E3A00D94768 /* Task1 (macOS) */,
				522DA2AE28CF1E3A00D94768 /* Tests iOS */,
				522DA2BA28CF1E3A00D94768 /* Tests macOS */,
			);
		};
/* End PBXProject section */

/* Begin PBXResourcesBuildPhase section */
		522DA2A028CF1E3A00D94768 /* Resources */ = {
			isa = PBXResourcesBuildPhase;
			buildActionMask = 2147483647;
			files = (
				522DA2C728CF1E3A00D94768 /* Assets.xcassets in Resources */,
			);
			runOnlyForDeploymentPostprocessing = 0;
		};
		522DA2A628CF1E3A00D94768 /* Resources */ = {
			isa = PBXResourcesBuildPhase;
			buildActionMask = 2147483647;
			files = (
				522DA2C828CF1E3A00D94768 /* Assets.xcassets in Resources */,
			);
			runOnlyForDeploymentPostprocessing = 0;
		};
		522DA2AD28CF1E3A00D94768 /* Resources */ = {
			isa = PBXResourcesBuildPhase;
			buildActionMask = 2147483647;
			files = (
			);
			runOnlyForDeploymentPostprocessing = 0;
		};
		522DA2B928CF1E3A00D94768 /* Resources */ = {
			isa = PBXResourcesBuildPhase;
			buildActionMask = 2147483647;
			files = (
			);
			runOnlyForDeploymentPostprocessing = 0;
		};
/* End PBXResourcesBuildPhase section */

/* Begin PBXSourcesBuildPhase section */
		522DA29E28CF1E3A00D94768 /* Sources */ = {
			isa = PBXSourcesBuildPhase;
			buildActionMask = 2147483647;
			files = (
				522DA2C528CF1E3A00D94768 /* ContentView.swift in Sources */,
				522DA2D828CF1FD300D94768 /* ImageTabView.swift in Sources */,
				52AD074228CF615200221DC5 /* ListTabView1.swift in Sources */,
				52AD079028D1C97C00221DC5 /* Screen3.swift in Sources */,
				52AD073F28CF551700221DC5 /* ListTabView.swift in Sources */,
				52AD074528CF702E00221DC5 /* FirstPageView.swift in Sources */,
				52951DA428D2F28400D3AD48 /* Screen4.swift in Sources */,
				522DA2C328CF1E3A00D94768 /* Task1App.swift in Sources */,
				52AD074828D1AD6500221DC5 /* SecondPageView.swift in Sources */,
			);
			runOnlyForDeploymentPostprocessing = 0;
		};
		522DA2A428CF1E3A00D94768 /* Sources */ = {
			isa = PBXSourcesBuildPhase;
			buildActionMask = 2147483647;
			files = (
				522DA2C628CF1E3A00D94768 /* ContentView.swift in Sources */,
				522DA2D928CF1FD300D94768 /* ImageTabView.swift in Sources */,
				52AD074328CF615200221DC5 /* ListTabView1.swift in Sources */,
				52AD079128D1C97C00221DC5 /* Screen3.swift in Sources */,
				52AD074028CF551700221DC5 /* ListTabView.swift in Sources */,
				52AD074628CF702E00221DC5 /* FirstPageView.swift in Sources */,
				52951DA528D2F28400D3AD48 /* Screen4.swift in Sources */,
				522DA2C428CF1E3A00D94768 /* Task1App.swift in Sources */,
				52AD074928D1AD6500221DC5 /* SecondPageView.swift in Sources */,
			);
			runOnlyForDeploymentPostprocessing = 0;
		};
		522DA2AB28CF1E3A00D94768 /* Sources */ = {
			isa = PBXSourcesBuildPhase;
			buildActionMask = 2147483647;
			files = (
				522DA2B628CF1E3A00D94768 /* Tests_iOSLaunchTests.swift in Sources */,
				522DA2B428CF1E3A00D94768 /* Tests_iOS.swift in Sources */,
			);
			runOnlyForDeploymentPostprocessing = 0;
		};
		522DA2B728CF1E3A00D94768 /* Sources */ = {
			isa = PBXSourcesBuildPhase;
			buildActionMask = 2147483647;
			files = (
				522DA2C228CF1E3A00D94768 /* Tests_macOSLaunchTests.swift in Sources */,
				522DA2C028CF1E3A00D94768 /* Tests_macOS.swift in Sources */,
			);
			runOnlyForDeploymentPostprocessing = 0;
		};
/* End PBXSourcesBuildPhase section */

/* Begin PBXTargetDependency section */
		522DA2B128CF1E3A00D94768 /* PBXTargetDependency */ = {
			isa = PBXTargetDependency;
			target = 522DA2A128CF1E3A00D94768 /* Task1 (iOS) */;
			targetProxy = 522DA2B028CF1E3A00D94768 /* PBXContainerItemProxy */;
		};
		522DA2BD28CF1E3A00D94768 /* PBXTargetDependency */ = {
			isa = PBXTargetDependency;
			target = 522DA2A728CF1E3A00D94768 /* Task1 (macOS) */;
			targetProxy = 522DA2BC28CF1E3A00D94768 /* PBXContainerItemProxy */;
		};
/* End PBXTargetDependency section */

/* Begin XCBuildConfiguration section */
		522DA2C928CF1E3A00D94768 /* Debug */ = {
			isa = XCBuildConfiguration;
			buildSettings = {
				ALWAYS_SEARCH_USER_PATHS = NO;
				CLANG_ANALYZER_NONNULL = YES;
				CLANG_ANALYZER_NUMBER_OBJECT_CONVERSION = YES_AGGRESSIVE;
				CLANG_CXX_LANGUAGE_STANDARD = "gnu++17";
				CLANG_ENABLE_MODULES = YES;
				CLANG_ENABLE_OBJC_ARC = YES;
				CLANG_ENABLE_OBJC_WEAK = YES;
				CLANG_WARN_BLOCK_CAPTURE_AUTORELEASING = YES;
				CLANG_WARN_BOOL_CONVERSION = YES;
				CLANG_WARN_COMMA = YES;
				CLANG_WARN_CONSTANT_CONVERSION = YES;
				CLANG_WARN_DEPRECATED_OBJC_IMPLEMENTATIONS = YES;
				CLANG_WARN_DIRECT_OBJC_ISA_USAGE = YES_ERROR;
				CLANG_WARN_DOCUMENTATION_COMMENTS = YES;
				CLANG_WARN_EMPTY_BODY = YES;
				CLANG_WARN_ENUM_CONVERSION = YES;
				CLANG_WARN_INFINITE_RECURSION = YES;
				CLANG_WARN_INT_CONVERSION = YES;
				CLANG_WARN_NON_LITERAL_NULL_CONVERSION = YES;
				CLANG_WARN_OBJC_IMPLICIT_RETAIN_SELF = YES;
				CLANG_WARN_OBJC_LITERAL_CONVERSION = YES;
				CLANG_WARN_OBJC_ROOT_CLASS = YES_ERROR;
				CLANG_WARN_QUOTED_INCLUDE_IN_FRAMEWORK_HEADER = YES;
				CLANG_WARN_RANGE_LOOP_ANALYSIS = YES;
				CLANG_WARN_STRICT_PROTOTYPES = YES;
				CLANG_WARN_SUSPICIOUS_MOVE = YES;
				CLANG_WARN_UNGUARDED_AVAILABILITY = YES_AGGRESSIVE;
				CLANG_WARN_UNREACHABLE_CODE = YES;
				CLANG_WARN__DUPLICATE_METHOD_MATCH = YES;
				COPY_PHASE_STRIP = NO;
				DEBUG_INFORMATION_FORMAT = dwarf;
				ENABLE_STRICT_OBJC_MSGSEND = YES;
				ENABLE_TESTABILITY = YES;
				GCC_C_LANGUAGE_STANDARD = gnu11;
				GCC_DYNAMIC_NO_PIC = NO;
				GCC_NO_COMMON_BLOCKS = YES;
				GCC_OPTIMIZATION_LEVEL = 0;
				GCC_PREPROCESSOR_DEFINITIONS = (
					"DEBUG=1",
					"$(inherited)",
				);
				GCC_WARN_64_TO_32_BIT_CONVERSION = YES;
				GCC_WARN_ABOUT_RETURN_TYPE = YES_ERROR;
				GCC_WARN_UNDECLARED_SELECTOR = YES;
				GCC_WARN_UNINITIALIZED_AUTOS = YES_AGGRESSIVE;
				GCC_WARN_UNUSED_FUNCTION = YES;
				GCC_WARN_UNUSED_VARIABLE = YES;
				MTL_ENABLE_DEBUG_INFO = INCLUDE_SOURCE;
				MTL_FAST_MATH = YES;
				ONLY_ACTIVE_ARCH = YES;
				SWIFT_ACTIVE_COMPILATION_CONDITIONS = DEBUG;
				SWIFT_OPTIMIZATION_LEVEL = "-Onone";
			};
			name = Debug;
		};
		522DA2CA28CF1E3A00D94768 /* Release */ = {
			isa = XCBuildConfiguration;
			buildSettings = {
				ALWAYS_SEARCH_USER_PATHS = NO;
				CLANG_ANALYZER_NONNULL = YES;
				CLANG_ANALYZER_NUMBER_OBJECT_CONVERSION = YES_AGGRESSIVE;
				CLANG_CXX_LANGUAGE_STANDARD = "gnu++17";
				CLANG_ENABLE_MODULES = YES;
				CLANG_ENABLE_OBJC_ARC = YES;
				CLANG_ENABLE_OBJC_WEAK = YES;
				CLANG_WARN_BLOCK_CAPTURE_AUTORELEASING = YES;
				CLANG_WARN_BOOL_CONVERSION = YES;
				CLANG_WARN_COMMA = YES;
				CLANG_WARN_CONSTANT_CONVERSION = YES;
				CLANG_WARN_DEPRECATED_OBJC_IMPLEMENTATIONS = YES;
				CLANG_WARN_DIRECT_OBJC_ISA_USAGE = YES_ERROR;
				CLANG_WARN_DOCUMENTATION_COMMENTS = YES;
				CLANG_WARN_EMPTY_BODY = YES;
				CLANG_WARN_ENUM_CONVERSION = YES;
				CLANG_WARN_INFINITE_RECURSION = YES;
				CLANG_WARN_INT_CONVERSION = YES;
				CLANG_WARN_NON_LITERAL_NULL_CONVERSION = YES;
				CLANG_WARN_OBJC_IMPLICIT_RETAIN_SELF = YES;
				CLANG_WARN_OBJC_LITERAL_CONVERSION = YES;
				CLANG_WARN_OBJC_ROOT_CLASS = YES_ERROR;
				CLANG_WARN_QUOTED_INCLUDE_IN_FRAMEWORK_HEADER = YES;
				CLANG_WARN_RANGE_LOOP_ANALYSIS = YES;
				CLANG_WARN_STRICT_PROTOTYPES = YES;
				CLANG_WARN_SUSPICIOUS_MOVE = YES;
				CLANG_WARN_UNGUARDED_AVAILABILITY = YES_AGGRESSIVE;
				CLANG_WARN_UNREACHABLE_CODE = YES;
				CLANG_WARN__DUPLICATE_METHOD_MATCH = YES;
				COPY_PHASE_STRIP = NO;
				DEBUG_INFORMATION_FORMAT = "dwarf-with-dsym";
				ENABLE_NS_ASSERTIONS = NO;
				ENABLE_STRICT_OBJC_MSGSEND = YES;
				GCC_C_LANGUAGE_STANDARD = gnu11;
				GCC_NO_COMMON_BLOCKS = YES;
				GCC_WARN_64_TO_32_BIT_CONVERSION = YES;
				GCC_WARN_ABOUT_RETURN_TYPE = YES_ERROR;
				GCC_WARN_UNDECLARED_SELECTOR = YES;
				GCC_WARN_UNINITIALIZED_AUTOS = YES_AGGRESSIVE;
				GCC_WARN_UNUSED_FUNCTION = YES;
				GCC_WARN_UNUSED_VARIABLE = YES;
				MTL_ENABLE_DEBUG_INFO = NO;
				MTL_FAST_MATH = YES;
				SWIFT_COMPILATION_MODE = wholemodule;
				SWIFT_OPTIMIZATION_LEVEL = "-O";
			};
			name = Release;
		};
		522DA2CC28CF1E3A00D94768 /* Debug */ = {
			isa = XCBuildConfiguration;
			buildSettings = {
				ASSETCATALOG_COMPILER_APPICON_NAME = AppIcon;
				ASSETCATALOG_COMPILER_GLOBAL_ACCENT_COLOR_NAME = AccentColor;
				CODE_SIGN_STYLE = Automatic;
				CURRENT_PROJECT_VERSION = 1;
				ENABLE_PREVIEWS = YES;
				GENERATE_INFOPLIST_FILE = YES;
				INFOPLIST_KEY_UIApplicationSceneManifest_Generation = YES;
				INFOPLIST_KEY_UIApplicationSupportsIndirectInputEvents = YES;
				INFOPLIST_KEY_UILaunchScreen_Generation = YES;
				INFOPLIST_KEY_UISupportedInterfaceOrientations_iPad = "UIInterfaceOrientationPortrait UIInterfaceOrientationPortraitUpsideDown UIInterfaceOrientationLandscapeLeft UIInterfaceOrientationLandscapeRight";
				INFOPLIST_KEY_UISupportedInterfaceOrientations_iPhone = "UIInterfaceOrientationPortrait UIInterfaceOrientationLandscapeLeft UIInterfaceOrientationLandscapeRight";
				IPHONEOS_DEPLOYMENT_TARGET = 15.5;
				LD_RUNPATH_SEARCH_PATHS = (
					"$(inherited)",
					"@executable_path/Frameworks",
				);
				MARKETING_VERSION = 1.0;
				PRODUCT_BUNDLE_IDENTIFIER = com.skyraan.swiftUIsection1.Task1;
				PRODUCT_NAME = Task1;
				SDKROOT = iphoneos;
				SWIFT_EMIT_LOC_STRINGS = YES;
				SWIFT_VERSION = 5.0;
				TARGETED_DEVICE_FAMILY = "1,2";
			};
			name = Debug;
		};
		522DA2CD28CF1E3A00D94768 /* Release */ = {
			isa = XCBuildConfiguration;
			buildSettings = {
				ASSETCATALOG_COMPILER_APPICON_NAME = AppIcon;
				ASSETCATALOG_COMPILER_GLOBAL_ACCENT_COLOR_NAME = AccentColor;
				CODE_SIGN_STYLE = Automatic;
				CURRENT_PROJECT_VERSION = 1;
				ENABLE_PREVIEWS = YES;
				GENERATE_INFOPLIST_FILE = YES;
				INFOPLIST_KEY_UIApplicationSceneManifest_Generation = YES;
				INFOPLIST_KEY_UIApplicationSupportsIndirectInputEvents = YES;
				INFOPLIST_KEY_UILaunchScreen_Generation = YES;
				INFOPLIST_KEY_UISupportedInterfaceOrientations_iPad = "UIInterfaceOrientationPortrait UIInterfaceOrientationPortraitUpsideDown UIInterfaceOrientationLandscapeLeft UIInterfaceOrientationLandscapeRight";
				INFOPLIST_KEY_UISupportedInterfaceOrientations_iPhone = "UIInterfaceOrientationPortrait UIInterfaceOrientationLandscapeLeft UIInterfaceOrientationLandscapeRight";
				IPHONEOS_DEPLOYMENT_TARGET = 15.5;
				LD_RUNPATH_SEARCH_PATHS = (
					"$(inherited)",
					"@executable_path/Frameworks",
				);
				MARKETING_VERSION = 1.0;
				PRODUCT_BUNDLE_IDENTIFIER = com.skyraan.swiftUIsection1.Task1;
				PRODUCT_NAME = Task1;
				SDKROOT = iphoneos;
				SWIFT_EMIT_LOC_STRINGS = YES;
				SWIFT_VERSION = 5.0;
				TARGETED_DEVICE_FAMILY = "1,2";
				VALIDATE_PRODUCT = YES;
			};
			name = Release;
		};
		522DA2CF28CF1E3A00D94768 /* Debug */ = {
			isa = XCBuildConfiguration;
			buildSettings = {
				ASSETCATALOG_COMPILER_APPICON_NAME = AppIcon;
				ASSETCATALOG_COMPILER_GLOBAL_ACCENT_COLOR_NAME = AccentColor;
				CODE_SIGN_ENTITLEMENTS = macOS/macOS.entitlements;
				CODE_SIGN_STYLE = Automatic;
				COMBINE_HIDPI_IMAGES = YES;
				CURRENT_PROJECT_VERSION = 1;
				ENABLE_PREVIEWS = YES;
				GENERATE_INFOPLIST_FILE = YES;
				INFOPLIST_KEY_NSHumanReadableCopyright = "";
				LD_RUNPATH_SEARCH_PATHS = (
					"$(inherited)",
					"@executable_path/../Frameworks",
				);
				MACOSX_DEPLOYMENT_TARGET = 12.3;
				MARKETING_VERSION = 1.0;
				PRODUCT_BUNDLE_IDENTIFIER = com.skyraan.swiftUIsection1.Task1;
				PRODUCT_NAME = Task1;
				SDKROOT = macosx;
				SWIFT_EMIT_LOC_STRINGS = YES;
				SWIFT_VERSION = 5.0;
			};
			name = Debug;
		};
		522DA2D028CF1E3A00D94768 /* Release */ = {
			isa = XCBuildConfiguration;
			buildSettings = {
				ASSETCATALOG_COMPILER_APPICON_NAME = AppIcon;
				ASSETCATALOG_COMPILER_GLOBAL_ACCENT_COLOR_NAME = AccentColor;
				CODE_SIGN_ENTITLEMENTS = macOS/macOS.entitlements;
				CODE_SIGN_STYLE = Automatic;
				COMBINE_HIDPI_IMAGES = YES;
				CURRENT_PROJECT_VERSION = 1;
				ENABLE_PREVIEWS = YES;
				GENERATE_INFOPLIST_FILE = YES;
				INFOPLIST_KEY_NSHumanReadableCopyright = "";
				LD_RUNPATH_SEARCH_PATHS = (
					"$(inherited)",
					"@executable_path/../Frameworks",
				);
				MACOSX_DEPLOYMENT_TARGET = 12.3;
				MARKETING_VERSION = 1.0;
				PRODUCT_BUNDLE_IDENTIFIER = com.skyraan.swiftUIsection1.Task1;
				PRODUCT_NAME = Task1;
				SDKROOT = macosx;
				SWIFT_EMIT_LOC_STRINGS = YES;
				SWIFT_VERSION = 5.0;
			};
			name = Release;
		};
		522DA2D228CF1E3A00D94768 /* Debug */ = {
			isa = XCBuildConfiguration;
			buildSettings = {
				ALWAYS_EMBED_SWIFT_STANDARD_LIBRARIES = YES;
				CODE_SIGN_STYLE = Automatic;
				CURRENT_PROJECT_VERSION = 1;
				GENERATE_INFOPLIST_FILE = YES;
				IPHONEOS_DEPLOYMENT_TARGET = 15.5;
				MARKETING_VERSION = 1.0;
				PRODUCT_BUNDLE_IDENTIFIER = "com.skyraan.swiftUIsection1.Tests-iOS";
				PRODUCT_NAME = "$(TARGET_NAME)";
				SDKROOT = iphoneos;
				SWIFT_EMIT_LOC_STRINGS = NO;
				SWIFT_VERSION = 5.0;
				TARGETED_DEVICE_FAMILY = "1,2";
				TEST_TARGET_NAME = "Task1 (iOS)";
			};
			name = Debug;
		};
		522DA2D328CF1E3A00D94768 /* Release */ = {
			isa = XCBuildConfiguration;
			buildSettings = {
				ALWAYS_EMBED_SWIFT_STANDARD_LIBRARIES = YES;
				CODE_SIGN_STYLE = Automatic;
				CURRENT_PROJECT_VERSION = 1;
				GENERATE_INFOPLIST_FILE = YES;
				IPHONEOS_DEPLOYMENT_TARGET = 15.5;
				MARKETING_VERSION = 1.0;
				PRODUCT_BUNDLE_IDENTIFIER = "com.skyraan.swiftUIsection1.Tests-iOS";
				PRODUCT_NAME = "$(TARGET_NAME)";
				SDKROOT = iphoneos;
				SWIFT_EMIT_LOC_STRINGS = NO;
				SWIFT_VERSION = 5.0;
				TARGETED_DEVICE_FAMILY = "1,2";
				TEST_TARGET_NAME = "Task1 (iOS)";
				VALIDATE_PRODUCT = YES;
			};
			name = Release;
		};
		522DA2D528CF1E3A00D94768 /* Debug */ = {
			isa = XCBuildConfiguration;
			buildSettings = {
				ALWAYS_EMBED_SWIFT_STANDARD_LIBRARIES = YES;
				CODE_SIGN_STYLE = Automatic;
				CURRENT_PROJECT_VERSION = 1;
				GENERATE_INFOPLIST_FILE = YES;
				MACOSX_DEPLOYMENT_TARGET = 12.3;
				MARKETING_VERSION = 1.0;
				PRODUCT_BUNDLE_IDENTIFIER = "com.skyraan.swiftUIsection1.Tests-macOS";
				PRODUCT_NAME = "$(TARGET_NAME)";
				SDKROOT = macosx;
				SWIFT_EMIT_LOC_STRINGS = NO;
				SWIFT_VERSION = 5.0;
				TEST_TARGET_NAME = "Task1 (macOS)";
			};
			name = Debug;
		};
		522DA2D628CF1E3A00D94768 /* Release */ = {
			isa = XCBuildConfiguration;
			buildSettings = {
				ALWAYS_EMBED_SWIFT_STANDARD_LIBRARIES = YES;
				CODE_SIGN_STYLE = Automatic;
				CURRENT_PROJECT_VERSION = 1;
				GENERATE_INFOPLIST_FILE = YES;
				MACOSX_DEPLOYMENT_TARGET = 12.3;
				MARKETING_VERSION = 1.0;
				PRODUCT_BUNDLE_IDENTIFIER = "com.skyraan.swiftUIsection1.Tests-macOS";
				PRODUCT_NAME = "$(TARGET_NAME)";
				SDKROOT = macosx;
				SWIFT_EMIT_LOC_STRINGS = NO;
				SWIFT_VERSION = 5.0;
				TEST_TARGET_NAME = "Task1 (macOS)";
			};
			name = Release;
		};
/* End XCBuildConfiguration section */

/* Begin XCConfigurationList section */
		522DA29928CF1E3900D94768 /* Build configuration list for PBXProject "Task1" */ = {
			isa = XCConfigurationList;
			buildConfigurations = (
				522DA2C928CF1E3A00D94768 /* Debug */,
				522DA2CA28CF1E3A00D94768 /* Release */,
			);
			defaultConfigurationIsVisible = 0;
			defaultConfigurationName = Release;
		};
		522DA2CB28CF1E3A00D94768 /* Build configuration list for PBXNativeTarget "Task1 (iOS)" */ = {
			isa = XCConfigurationList;
			buildConfigurations = (
				522DA2CC28CF1E3A00D94768 /* Debug */,
				522DA2CD28CF1E3A00D94768 /* Release */,
			);
			defaultConfigurationIsVisible = 0;
			defaultConfigurationName = Release;
		};
		522DA2CE28CF1E3A00D94768 /* Build configuration list for PBXNativeTarget "Task1 (macOS)" */ = {
			isa = XCConfigurationList;
			buildConfigurations = (
				522DA2CF28CF1E3A00D94768 /* Debug */,
				522DA2D028CF1E3A00D94768 /* Release */,
			);
			defaultConfigurationIsVisible = 0;
			defaultConfigurationName = Release;
		};
		522DA2D128CF1E3A00D94768 /* Build configuration list for PBXNativeTarget "Tests iOS" */ = {
			isa = XCConfigurationList;
			buildConfigurations = (
				522DA2D228CF1E3A00D94768 /* Debug */,
				522DA2D328CF1E3A00D94768 /* Release */,
			);
			defaultConfigurationIsVisible = 0;
			defaultConfigurationName = Release;
		};
		522DA2D428CF1E3A00D94768 /* Build configuration list for PBXNativeTarget "Tests macOS" */ = {
			isa = XCConfigurationList;
			buildConfigurations = (
				522DA2D528CF1E3A00D94768 /* Debug */,
				522DA2D628CF1E3A00D94768 /* Release */,
			);
			defaultConfigurationIsVisible = 0;
			defaultConfigurationName = Release;
		};
/* End XCConfigurationList section */
	};
	rootObject = 522DA29628CF1E3900D94768 /* Project object */;
}
